
Microsoft Visual Studio Solution File, Format Version 12.00
# Visual Studio Version 17
VisualStudioVersion = 17.7.34031.279
MinimumVisualStudioVersion = 10.0.40219.1
Project("{FAE04EC0-301F-11D3-BF4B-00C04F79EFBC}") = "voxel_mesher", "voxel_mesher.csproj", "{A5A3C55B-43FB-4157-A17F-F18A41492BEF}"
EndProject
Global
	GlobalSection(SolutionConfigurationPlatforms) = preSolution
		Debug|Any CPU = Debug|Any CPU
		Release|Any CPU = Release|Any CPU
	EndGlobalSection
	GlobalSection(ProjectConfigurationPlatforms) = postSolution
		{A5A3C55B-43FB-4157-A17F-F18A41492BEF}.Debug|Any CPU.ActiveCfg = Debug|Any CPU
		{A5A3C55B-43FB-4157-A17F-F18A41492BEF}.Debug|Any CPU.Build.0 = Debug|Any CPU
		{A5A3C55B-43FB-4157-A17F-F18A41492BEF}.Release|Any CPU.ActiveCfg = Release|Any CPU
		{A5A3C55B-43FB-4157-A17F-F18A41492BEF}.Release|Any CPU.Build.0 = Release|Any CPU
	EndGlobalSection
	GlobalSection(SolutionProperties) = preSolution
		HideSolutionNode = FALSE
	EndGlobalSection
	GlobalSection(ExtensibilityGlobals) = postSolution
		SolutionGuid = {B3428A8F-3F60-42A5-B3E0-279EC0BEA53F}
	EndGlobalSection
EndGlobal
